# THIS IS AN AUTOGENERATED FILE. DO NOT EDIT THIS FILE DIRECTLY.
# yarn lockfile v1


"@feathersjs/commons@^4.3.0":
  version "4.3.0"
  resolved "https://registry.yarnpkg.com/@feathersjs/commons/-/commons-4.3.0.tgz#6b0993ac790382aa28ec8a138f3e91501973b418"

"@feathersjs/feathers@^4.3.3":
  version "4.3.3"
  resolved "https://registry.yarnpkg.com/@feathersjs/feathers/-/feathers-4.3.3.tgz#6870a6400e3ccaf8d8611168b28eff6631c2ef5d"
  dependencies:
    "@feathersjs/commons" "^4.3.0"
    debug "^4.1.1"
    events "^3.0.0"
    uberproto "^2.0.4"

debug@^4.1.1:
  version "4.1.1"
  resolved "https://registry.yarnpkg.com/debug/-/debug-4.1.1.tgz#3b72260255109c6b589cee050f1d516139664791"
  dependencies:
    ms "^2.1.1"

events@^3.0.0:
  version "3.0.0"
  resolved "https://registry.yarnpkg.com/events/-/events-3.0.0.tgz#9a0a0dfaf62893d92b875b8f2698ca4114973e88"

ms@^2.1.1:
  version "2.1.2"
  resolved "https://registry.yarnpkg.com/ms/-/ms-2.1.2.tgz#d09d1f357b443f493382a8eb3ccd183872ae6009"

uberproto@^2.0.4:
  version "2.0.4"
  resolved "https://registry.yarnpkg.com/uberproto/-/uberproto-2.0.4.tgz#f215bcc227c1b8fd8fccd8d701b9c96dd71ff85d"
